// !$*UTF8*$!
{
	archiveVersion = 1;
	classes = {
	};
	objectVersion = 50;
	objects = {

/* Begin PBXBuildFile section */
		762DA094232B3BC3009B83A4 /* AppDelegate.swift in Sources */ = {isa = PBXBuildFile; fileRef = 762DA093232B3BC3009B83A4 /* AppDelegate.swift */; };
		762DA096232B3BC3009B83A4 /* SceneDelegate.swift in Sources */ = {isa = PBXBuildFile; fileRef = 762DA095232B3BC3009B83A4 /* SceneDelegate.swift */; };
		762DA098232B3BC3009B83A4 /* ContentView.swift in Sources */ = {isa = PBXBuildFile; fileRef = 762DA097232B3BC3009B83A4 /* ContentView.swift */; };
		762DA09A232B3BC6009B83A4 /* Assets.xcassets in Resources */ = {isa = PBXBuildFile; fileRef = 762DA099232B3BC6009B83A4 /* Assets.xcassets */; };
		762DA09D232B3BC6009B83A4 /* Preview Assets.xcassets in Resources */ = {isa = PBXBuildFile; fileRef = 762DA09C232B3BC6009B83A4 /* Preview Assets.xcassets */; };
		762DA0A0232B3BC6009B83A4 /* LaunchScreen.storyboard in Resources */ = {isa = PBXBuildFile; fileRef = 762DA09E232B3BC6009B83A4 /* LaunchScreen.storyboard */; };
/* End PBXBuildFile section */

/* Begin PBXFileReference section */
		762DA090232B3BC3009B83A4 /* AlertComponentizationDemo.app */ = {isa = PBXFileReference; explicitFileType = wrapper.application; includeInIndex = 0; path = AlertComponentizationDemo.app; sourceTree = BUILT_PRODUCTS_DIR; };
		762DA093232B3BC3009B83A4 /* AppDelegate.swift */ = {isa = PBXFileReference; lastKnownFileType = sourcecode.swift; path = AppDelegate.swift; sourceTree = "<group>"; };
		762DA095232B3BC3009B83A4 /* SceneDelegate.swift */ = {isa = PBXFileReference; lastKnownFileType = sourcecode.swift; path = SceneDelegate.swift; sourceTree = "<group>"; };
		762DA097232B3BC3009B83A4 /* ContentView.swift */ = {isa = PBXFileReference; lastKnownFileType = sourcecode.swift; path = ContentView.swift; sourceTree = "<group>"; };
		762DA099232B3BC6009B83A4 /* Assets.xcassets */ = {isa = PBXFileReference; lastKnownFileType = folder.assetcatalog; path = Assets.xcassets; sourceTree = "<group>"; };
		762DA09C232B3BC6009B83A4 /* Preview Assets.xcassets */ = {isa = PBXFileReference; lastKnownFileType = folder.assetcatalog; path = "Preview Assets.xcassets"; sourceTree = "<group>"; };
		762DA09F232B3BC6009B83A4 /* Base */ = {isa = PBXFileReference; lastKnownFileType = file.storyboard; name = Base; path = Base.lproj/LaunchScreen.storyboard; sourceTree = "<group>"; };
		762DA0A1232B3BC6009B83A4 /* Info.plist */ = {isa = PBXFileReference; lastKnownFileType = text.plist.xml; path = Info.plist; sourceTree = "<group>"; };
/* End PBXFileReference section */

/* Begin PBXFrameworksBuildPhase section */
		762DA08D232B3BC3009B83A4 /* Frameworks */ = {
			isa = PBXFrameworksBuildPhase;
			buildActionMask = 2147483647;
			files = (
			);
			runOnlyForDeploymentPostprocessing = 0;
		};
/* End PBXFrameworksBuildPhase section */

/* Begin PBXGroup section */
		762DA087232B3BC3009B83A4 = {
			isa = PBXGroup;
			children = (
				762DA092232B3BC3009B83A4 /* AlertComponentizationDemo */,
				762DA091232B3BC3009B83A4 /* Products */,
			);
			sourceTree = "<group>";
		};
		762DA091232B3BC3009B83A4 /* Products */ = {
			isa = PBXGroup;
			children = (
				762DA090232B3BC3009B83A4 /* AlertComponentizationDemo.app */,
			);
			name = Products;
			sourceTree = "<group>";
		};
		762DA092232B3BC3009B83A4 /* AlertComponentizationDemo */ = {
			isa = PBXGroup;
			children = (
				762DA093232B3BC3009B83A4 /* AppDelegate.swift */,
				762DA095232B3BC3009B83A4 /* SceneDelegate.swift */,
				762DA097232B3BC3009B83A4 /* ContentView.swift */,
				762DA099232B3BC6009B83A4 /* Assets.xcassets */,
				762DA09E232B3BC6009B83A4 /* LaunchScreen.storyboard */,
				762DA0A1232B3BC6009B83A4 /* Info.plist */,
				762DA09B232B3BC6009B83A4 /* Preview Content */,
			);
			path = AlertComponentizationDemo;
			sourceTree = "<group>";
		};
		762DA09B232B3BC6009B83A4 /* Preview Content */ = {
			isa = PBXGroup;
			children = (
				762DA09C232B3BC6009B83A4 /* Preview Assets.xcassets */,
			);
			path = "Preview Content";
			sourceTree = "<group>";
		};
/* End PBXGroup section */

/* Begin PBXNativeTarget section */
		762DA08F232B3BC3009B83A4 /* AlertComponentizationDemo */ = {
			isa = PBXNativeTarget;
			buildConfigurationList = 762DA0A4232B3BC6009B83A4 /* Build configuration list for PBXNativeTarget "AlertComponentizationDemo" */;
			buildPhases = (
				762DA08C232B3BC3009B83A4 /* Sources */,
				762DA08D232B3BC3009B83A4 /* Frameworks */,
				762DA08E232B3BC3009B83A4 /* Resources */,
			);
			buildRules = (
			);
			dependencies = (
			);
			name = AlertComponentizationDemo;
			productName = AlertComponentizationDemo;
			productReference = 762DA090232B3BC3009B83A4 /* AlertComponentizationDemo.app */;
			productType = "com.apple.product-type.application";
		};
/* End PBXNativeTarget section */

/* Begin PBXProject section */
		762DA088232B3BC3009B83A4 /* Project object */ = {
			isa = PBXProject;
			attributes = {
				LastSwiftUpdateCheck = 1100;
				LastUpgradeCheck = 1100;
				ORGANIZATIONNAME = yasuoyuhao;
				TargetAttributes = {
					762DA08F232B3BC3009B83A4 = {
						CreatedOnToolsVersion = 11.0;
					};
				};
			};
			buildConfigurationList = 762DA08B232B3BC3009B83A4 /* Build configuration list for PBXProject "AlertComponentizationDemo" */;
			compatibilityVersion = "Xcode 9.3";
			developmentRegion = en;
			hasScannedForEncodings = 0;
			knownRegions = (
				en,
				Base,
			);
			mainGroup = 762DA087232B3BC3009B83A4;
			productRefGroup = 762DA091232B3BC3009B83A4 /* Products */;
			projectDirPath = "";
			projectRoot = "";
			targets = (
				762DA08F232B3BC3009B83A4 /* AlertComponentizationDemo */,
			);
		};
/* End PBXProject section */

/* Begin PBXResourcesBuildPhase section */
		762DA08E232B3BC3009B83A4 /* Resources */ = {
			isa = PBXResourcesBuildPhase;
			buildActionMask = 2147483647;
			files = (
				762DA0A0232B3BC6009B83A4 /* LaunchScreen.storyboard in Resources */,
				762DA09D232B3BC6009B83A4 /* Preview Assets.xcassets in Resources */,
				762DA09A232B3BC6009B83A4 /* Assets.xcassets in Resources */,
			);
			runOnlyForDeploymentPostprocessing = 0;
		};
/* End PBXResourcesBuildPhase section */

/* Begin PBXSourcesBuildPhase section */
		762DA08C232B3BC3009B83A4 /* Sources */ = {
			isa = PBXSourcesBuildPhase;
			buildActionMask = 2147483647;
			files = (
				762DA094232B3BC3009B83A4 /* AppDelegate.swift in Sources */,
				762DA096232B3BC3009B83A4 /* SceneDelegate.swift in Sources */,
				762DA098232B3BC3009B83A4 /* ContentView.swift in Sources */,
			);
			runOnlyForDeploymentPostprocessing = 0;
		};
/* End PBXSourcesBuildPhase section */

/* Begin PBXVariantGroup section */
		762DA09E232B3BC6009B83A4 /* LaunchScreen.storyboard */ = {
			isa = PBXVariantGroup;
			children = (
				762DA09F232B3BC6009B83A4 /* Base */,
			);
			name = LaunchScreen.storyboard;
			sourceTree = "<group>";
		};
/* End PBXVariantGroup section */

/* Begin XCBuildConfiguration section */
		762DA0A2232B3BC6009B83A4 /* Debug */ = {
			isa = XCBuildConfiguration;
			buildSettings = {
				ALWAYS_SEARCH_USER_PATHS = NO;
				CLANG_ANALYZER_NONNULL = YES;
				CLANG_ANALYZER_NUMBER_OBJECT_CONVERSION = YES_AGGRESSIVE;
				CLANG_CXX_LANGUAGE_STANDARD = "gnu++14";
				CLANG_CXX_LIBRARY = "libc++";
				CLANG_ENABLE_MODULES = YES;
				CLANG_ENABLE_OBJC_ARC = YES;
				CLANG_ENABLE_OBJC_WEAK = YES;
				CLANG_WARN_BLOCK_CAPTURE_AUTORELEASING = YES;
				CLANG_WARN_BOOL_CONVERSION = YES;
				CLANG_WARN_COMMA = YES;
				CLANG_WARN_CONSTANT_CONVERSION = YES;
				CLANG_WARN_DEPRECATED_OBJC_IMPLEMENTATIONS = YES;
				CLANG_WARN_DIRECT_OBJC_ISA_USAGE = YES_ERROR;
				CLANG_WARN_DOCUMENTATION_COMMENTS = YES;
				CLANG_WARN_EMPTY_BODY = YES;
				CLANG_WARN_ENUM_CONVERSION = YES;
				CLANG_WARN_INFINITE_RECURSION = YES;
				CLANG_WARN_INT_CONVERSION = YES;
				CLANG_WARN_NON_LITERAL_NULL_CONVERSION = YES;
				CLANG_WARN_OBJC_IMPLICIT_RETAIN_SELF = YES;
				CLANG_WARN_OBJC_LITERAL_CONVERSION = YES;
				CLANG_WARN_OBJC_ROOT_CLASS = YES_ERROR;
				CLANG_WARN_RANGE_LOOP_ANALYSIS = YES;
				CLANG_WARN_STRICT_PROTOTYPES = YES;
				CLANG_WARN_SUSPICIOUS_MOVE = YES;
				CLANG_WARN_UNGUARDED_AVAILABILITY = YES_AGGRESSIVE;
				CLANG_WARN_UNREACHABLE_CODE = YES;
				CLANG_WARN__DUPLICATE_METHOD_MATCH = YES;
				COPY_PHASE_STRIP = NO;
				DEBUG_INFORMATION_FORMAT = dwarf;
				ENABLE_STRICT_OBJC_MSGSEND = YES;
				ENABLE_TESTABILITY = YES;
				GCC_C_LANGUAGE_STANDARD = gnu11;
				GCC_DYNAMIC_NO_PIC = NO;
				GCC_NO_COMMON_BLOCKS = YES;
				GCC_OPTIMIZATION_LEVEL = 0;
				GCC_PREPROCESSOR_DEFINITIONS = (
					"DEBUG=1",
					"$(inherited)",
				);
				GCC_WARN_64_TO_32_BIT_CONVERSION = YES;
				GCC_WARN_ABOUT_RETURN_TYPE = YES_ERROR;
				GCC_WARN_UNDECLARED_SELECTOR = YES;
				GCC_WARN_UNINITIALIZED_AUTOS = YES_AGGRESSIVE;
				GCC_WARN_UNUSED_FUNCTION = YES;
				GCC_WARN_UNUSED_VARIABLE = YES;
				IPHONEOS_DEPLOYMENT_TARGET = 13.0;
				MTL_ENABLE_DEBUG_INFO = INCLUDE_SOURCE;
				MTL_FAST_MATH = YES;
				ONLY_ACTIVE_ARCH = YES;
				SDKROOT = iphoneos;
				SWIFT_ACTIVE_COMPILATION_CONDITIONS = DEBUG;
				SWIFT_OPTIMIZATION_LEVEL = "-Onone";
			};
			name = Debug;
		};
		762DA0A3232B3BC6009B83A4 /* Release */ = {
			isa = XCBuildConfiguration;
			buildSettings = {
				ALWAYS_SEARCH_USER_PATHS = NO;
				CLANG_ANALYZER_NONNULL = YES;
				CLANG_ANALYZER_NUMBER_OBJECT_CONVERSION = YES_AGGRESSIVE;
				CLANG_CXX_LANGUAGE_STANDARD = "gnu++14";
				CLANG_CXX_LIBRARY = "libc++";
				CLANG_ENABLE_MODULES = YES;
				CLANG_ENABLE_OBJC_ARC = YES;
				CLANG_ENABLE_OBJC_WEAK = YES;
				CLANG_WARN_BLOCK_CAPTURE_AUTORELEASING = YES;
				CLANG_WARN_BOOL_CONVERSION = YES;
				CLANG_WARN_COMMA = YES;
				CLANG_WARN_CONSTANT_CONVERSION = YES;
				CLANG_WARN_DEPRECATED_OBJC_IMPLEMENTATIONS = YES;
				CLANG_WARN_DIRECT_OBJC_ISA_USAGE = YES_ERROR;
				CLANG_WARN_DOCUMENTATION_COMMENTS = YES;
				CLANG_WARN_EMPTY_BODY = YES;
				CLANG_WARN_ENUM_CONVERSION = YES;
				CLANG_WARN_INFINITE_RECURSION = YES;
				CLANG_WARN_INT_CONVERSION = YES;
				CLANG_WARN_NON_LITERAL_NULL_CONVERSION = YES;
				CLANG_WARN_OBJC_IMPLICIT_RETAIN_SELF = YES;
				CLANG_WARN_OBJC_LITERAL_CONVERSION = YES;
				CLANG_WARN_OBJC_ROOT_CLASS = YES_ERROR;
				CLANG_WARN_RANGE_LOOP_ANALYSIS = YES;
				CLANG_WARN_STRICT_PROTOTYPES = YES;
				CLANG_WARN_SUSPICIOUS_MOVE = YES;
				CLANG_WARN_UNGUARDED_AVAILABILITY = YES_AGGRESSIVE;
				CLANG_WARN_UNREACHABLE_CODE = YES;
				CLANG_WARN__DUPLICATE_METHOD_MATCH = YES;
				COPY_PHASE_STRIP = NO;
				DEBUG_INFORMATION_FORMAT = "dwarf-with-dsym";
				ENABLE_NS_ASSERTIONS = NO;
				ENABLE_STRICT_OBJC_MSGSEND = YES;
				GCC_C_LANGUAGE_STANDARD = gnu11;
				GCC_NO_COMMON_BLOCKS = YES;
				GCC_WARN_64_TO_32_BIT_CONVERSION = YES;
				GCC_WARN_ABOUT_RETURN_TYPE = YES_ERROR;
				GCC_WARN_UNDECLARED_SELECTOR = YES;
				GCC_WARN_UNINITIALIZED_AUTOS = YES_AGGRESSIVE;
				GCC_WARN_UNUSED_FUNCTION = YES;
				GCC_WARN_UNUSED_VARIABLE = YES;
				IPHONEOS_DEPLOYMENT_TARGET = 13.0;
				MTL_ENABLE_DEBUG_INFO = NO;
				MTL_FAST_MATH = YES;
				SDKROOT = iphoneos;
				SWIFT_COMPILATION_MODE = wholemodule;
				SWIFT_OPTIMIZATION_LEVEL = "-O";
				VALIDATE_PRODUCT = YES;
			};
			name = Release;
		};
		762DA0A5232B3BC6009B83A4 /* Debug */ = {
			isa = XCBuildConfiguration;
			buildSettings = {
				ASSETCATALOG_COMPILER_APPICON_NAME = AppIcon;
				CODE_SIGN_STYLE = Automatic;
				DEVELOPMENT_ASSET_PATHS = "\"AlertComponentizationDemo/Preview Content\"";
				ENABLE_PREVIEWS = YES;
				INFOPLIST_FILE = AlertComponentizationDemo/Info.plist;
				LD_RUNPATH_SEARCH_PATHS = (
					"$(inherited)",
					"@executable_path/Frameworks",
				);
				PRODUCT_BUNDLE_IDENTIFIER = yasuoyuhao.me.AlertComponentizationDemo;
				PRODUCT_NAME = "$(TARGET_NAME)";
				SWIFT_VERSION = 5.0;
				TARGETED_DEVICE_FAMILY = "1,2";
			};
			name = Debug;
		};
		762DA0A6232B3BC6009B83A4 /* Release */ = {
			isa = XCBuildConfiguration;
			buildSettings = {
				ASSETCATALOG_COMPILER_APPICON_NAME = AppIcon;
				CODE_SIGN_STYLE = Automatic;
				DEVELOPMENT_ASSET_PATHS = "\"AlertComponentizationDemo/Preview Content\"";
				ENABLE_PREVIEWS = YES;
				INFOPLIST_FILE = AlertComponentizationDemo/Info.plist;
				LD_RUNPATH_SEARCH_PATHS = (
					"$(inherited)",
					"@executable_path/Frameworks",
				);
				PRODUCT_BUNDLE_IDENTIFIER = yasuoyuhao.me.AlertComponentizationDemo;
				PRODUCT_NAME = "$(TARGET_NAME)";
				SWIFT_VERSION = 5.0;
				TARGETED_DEVICE_FAMILY = "1,2";
			};
			name = Release;
		};
/* End XCBuildConfiguration section */

/* Begin XCConfigurationList section */
		762DA08B232B3BC3009B83A4 /* Build configuration list for PBXProject "AlertComponentizationDemo" */ = {
			isa = XCConfigurationList;
			buildConfigurations = (
				762DA0A2232B3BC6009B83A4 /* Debug */,
				762DA0A3232B3BC6009B83A4 /* Release */,
			);
			defaultConfigurationIsVisible = 0;
			defaultConfigurationName = Release;
		};
		762DA0A4232B3BC6009B83A4 /* Build configuration list for PBXNativeTarget "AlertComponentizationDemo" */ = {
			isa = XCConfigurationList;
			buildConfigurations = (
				762DA0A5232B3BC6009B83A4 /* Debug */,
				762DA0A6232B3BC6009B83A4 /* Release */,
			);
			defaultConfigurationIsVisible = 0;
			defaultConfigurationName = Release;
		};
/* End XCConfigurationList section */
	};
	rootObject = 762DA088232B3BC3009B83A4 /* Project object */;
}
